<?xml version="1.0" encoding="utf-8"?>
<Project ToolsVersion="4.0" xmlns="http://schemas.microsoft.com/developer/msbuild/2003">
  <ItemGroup>
    <Filter Include="Source Files">
      <UniqueIdentifier>{4FC737F1-C7A5-4376-A066-2A32D752A2FF}</UniqueIdentifier>
      <Extensions>cpp;c;cc;cxx;def;odl;idl;hpj;bat;asm;asmx</Extensions>
    </Filter>
    <Filter Include="Header Files">
      <UniqueIdentifier>{93995380-89BD-4b04-88EB-625FBE52EBFB}</UniqueIdentifier>
      <Extensions>h;hh;hpp;hxx;hm;inl;inc;xsd</Extensions>
    </Filter>
    <Filter Include="Resource Files">
      <UniqueIdentifier>{67DA6AB6-F800-4c08-8B7A-83BB121AAD01}</UniqueIdentifier>
      <Extensions>rc;ico;cur;bmp;dlg;rc2;rct;bin;rgs;gif;jpg;jpeg;jpe;resx;tiff;tif;png;wav;mfcribbon-ms</Extensions>
    </Filter>
  </ItemGroup>
  <ItemGroup>
    <Text Include="ReadMe.txt" />
  </ItemGroup>
  <ItemGroup>
    <ClInclude Include="stdafx.h">
      <Filter>Header Files</Filter>
    </ClInclude>
  </ItemGroup>
  <ItemGroup>
    <ClCompile Include="stdafx.cpp">
      <Filter>Source Files</Filter>
    </ClCompile>
    <ClCompile Include="main.cpp">
      <Filter>Source Files</Filter>
    </ClCompile>
    <ClCompile Include="ProcessInformation.cpp">
      <Filter>Source Files</Filter>
    </ClCompile>
    <ClCompile Include="JobObject.cpp">
      <Filter>Source Files</Filter>
    </ClCompile>
    <ClCompile Include="TestCreateProcess.cpp">
      <Filter>Source Files</Filter>
    </ClCompile>
    <ClCompile Include="TestCreateProcessAsUser.cpp">
      <Filter>Source Files</Filter>
    </ClCompile>
    <ClCompile Include="TestThread.cpp">
      <Filter>Source Files</Filter>
    </ClCompile>
    <ClCompile Include="CreateThreadForStackTracking.cpp">
      <Filter>Source Files</Filter>
    </ClCompile>
    <ClCompile Include="TestDuplicateHandle.cpp">
      <Filter>Source Files</Filter>
    </ClCompile>
    <ClCompile Include="TestInterlockedCompareExchange.cpp">
      <Filter>Source Files</Filter>
    </ClCompile>
    <ClCompile Include="TestGetFileAttributes.cpp">
      <Filter>Source Files</Filter>
    </ClCompile>
    <ClCompile Include="TestReleaseSRWLockExclusive.cpp">
      <Filter>Source Files</Filter>
    </ClCompile>
    <ClCompile Include="TestWinSockClient.cpp">
      <Filter>Source Files</Filter>
    </ClCompile>
    <ClCompile Include="TestWinSockServer.cpp">
      <Filter>Source Files</Filter>
    </ClCompile>
    <ClCompile Include="TestRawSocket.cpp">
      <Filter>Source Files</Filter>
    </ClCompile>
    <ClCompile Include="TestIOCompletionPort.cpp">
      <Filter>Source Files</Filter>
    </ClCompile>
    <ClCompile Include="TestEvent.cpp">
      <Filter>Source Files</Filter>
    </ClCompile>
    <ClCompile Include="TestIOCPWinsockServer.cpp">
      <Filter>Source Files</Filter>
    </ClCompile>
    <ClCompile Include="TestDBCS.cpp">
      <Filter>Source Files</Filter>
    </ClCompile>
    <ClCompile Include="WinDbg.cpp">
      <Filter>Source Files</Filter>
    </ClCompile>
    <ClCompile Include="TestCreateThreadImpersonate.cpp">
      <Filter>Source Files</Filter>
    </ClCompile>
    <ClCompile Include="TestClass.cpp">
      <Filter>Source Files</Filter>
    </ClCompile>
    <ClCompile Include="TestRegEx.cpp">
      <Filter>Source Files</Filter>
    </ClCompile>
    <ClCompile Include="TestStandardLibrary.cpp">
      <Filter>Source Files</Filter>
    </ClCompile>
    <ClCompile Include="TestHeapCorruption.cpp">
      <Filter>Source Files</Filter>
    </ClCompile>
    <ClCompile Include="TestHeap.cpp">
      <Filter>Source Files</Filter>
    </ClCompile>
    <ClCompile Include="TestCtrlHandler.cpp">
      <Filter>Source Files</Filter>
    </ClCompile>
    <ClCompile Include="TestSetup.cpp">
      <Filter>Source Files</Filter>
    </ClCompile>
  </ItemGroup>
</Project>