
Microsoft Visual Studio Solution File, Format Version 12.00
# Visual Studio 15
VisualStudioVersion = 15.0.27102.0
MinimumVisualStudioVersion = 10.0.40219.1
Project("{2150E333-8FDC-42A3-9474-1A3956D46DE8}") = "IIS", "IIS", "{AEAF83D7-C99E-4012-B09E-C63DC5EFE599}"
EndProject
Project("{2150E333-8FDC-42A3-9474-1A3956D46DE8}") = "TestAPI", "TestAPI", "{4E6CCBCD-0A1E-4203-B089-C0CC26523768}"
EndProject
Project("{2150E333-8FDC-42A3-9474-1A3956D46DE8}") = "MSDTC", "MSDTC", "{5E152111-8C24-47B4-8535-EC5EA4D2DDC9}"
EndProject
Project("{2150E333-8FDC-42A3-9474-1A3956D46DE8}") = "WebSocket", "WebSocket", "{63A27C14-B620-4840-B107-AD5BE35B1A01}"
EndProject
Project("{2150E333-8FDC-42A3-9474-1A3956D46DE8}") = "ANCM", "ANCM", "{1048FAAE-1320-4672-97E0-9DD7ADEF6103}"
EndProject
Project("{2150E333-8FDC-42A3-9474-1A3956D46DE8}") = "IIS", "IIS", "{7CED4B26-9445-47F9-A852-82844714AFE2}"
EndProject
Project("{2150E333-8FDC-42A3-9474-1A3956D46DE8}") = "TestAPI", "TestAPI", "{7A0E70BD-DAC3-4316-AB61-C76CECF9B2FE}"
EndProject
Project("{2150E333-8FDC-42A3-9474-1A3956D46DE8}") = "MSDTC", "MSDTC", "{41AD718E-88A7-48F6-BCD0-E70225EC9A64}"
EndProject
Project("{2150E333-8FDC-42A3-9474-1A3956D46DE8}") = "WebSocket", "WebSocket", "{DB03E028-E9CD-4E7B-8629-197EDA2CB55D}"
EndProject
Project("{2150E333-8FDC-42A3-9474-1A3956D46DE8}") = "CoreCLR", "CoreCLR", "{D12CE0AA-DC48-4D67-97BB-5FEF56624877}"
EndProject
Project("{8BC9CEB8-8B4A-11D0-8D11-00A0C91BC942}") = "NativeAPITest", "TestAPI\NativeAPITest\NativeAPITest.vcxproj", "{3E9DEE45-FB2B-410A-8A5F-3A616C090534}"
EndProject
Project("{8BC9CEB8-8B4A-11D0-8D11-00A0C91BC942}") = "NamedPipeServer", "TestAPI\NamedPipeServer\NamedPipeServer.vcxproj", "{0B1FEFC4-AE90-4085-BA9C-969B3D7FA323}"
EndProject
Project("{8BC9CEB8-8B4A-11D0-8D11-00A0C91BC942}") = "NamedPipeClient", "TestAPI\NamedPipeClient\NamedPipeClient.vcxproj", "{235419EB-A184-481C-BB69-24FB6E13AB5A}"
EndProject
Project("{9A19103F-16F7-4668-BE54-9A1E7A4F7556}") = "JeongHwanKim", "JeongHwanKim\JeongHwanKim.csproj", "{ABB9075D-E984-478E-91E1-377A8E72D1BC}"
EndProject
Project("{8BC9CEB8-8B4A-11D0-8D11-00A0C91BC942}") = "AspNetCore", "ANCM\AspNetCore\AspNetCore.vcxproj", "{5C52314F-C799-453F-A8C1-F706FF3F336D}"
EndProject
Project("{8BC9CEB8-8B4A-11D0-8D11-00A0C91BC942}") = "IISLib", "ANCM\IISLib\IISLib.vcxproj", "{4787A64F-9A3E-4867-A55A-70CB4B2B2FFE}"
EndProject
Project("{9A19103F-16F7-4668-BE54-9A1E7A4F7556}") = "AspNetCoreModule.TestSitesTestSites.TempWebSite", "ANCM\AspNetCoreApplication\AspNetCoreModule.TestSites.TempWebSite\AspNetCoreModule.TestSitesTestSites.TempWebSite.xproj", "{BC06E8EE-CC97-41C7-A1A2-21C826289808}"
EndProject
Project("{9A19103F-16F7-4668-BE54-9A1E7A4F7556}") = "AspNetCoreModule.TestSites.TestWebSocket", "ANCM\AspNetCoreApplication\AspNetCoreModule.TestSites.TestWebSocket\AspNetCoreModule.TestSites.TestWebSocket.csproj", "{9755F612-A155-4BDD-9E20-37ADE0B4B3BA}"
EndProject
Project("{8BC9CEB8-8B4A-11D0-8D11-00A0C91BC942}") = "IISTestModule", "IIS\IISTestModule\IISTestModule.vcxproj", "{6F97D156-5C1C-43AF-9306-62B49FB18795}"
EndProject
Project("{FAE04EC0-301F-11D3-BF4B-00C04F79EFBC}") = "MWA", "IIS\MWA\ConsoleApplication1\MWA.csproj", "{F85DA9D4-D7B4-4B82-B50D-D590713165EC}"
EndProject
Project("{FAE04EC0-301F-11D3-BF4B-00C04F79EFBC}") = "ManagedAPITest", "TestAPI\ManagedAPI\ManagedAPITest.csproj", "{ADDC2D4C-6155-413A-BE7D-46814E68733D}"
EndProject
Project("{8BC9CEB8-8B4A-11D0-8D11-00A0C91BC942}") = "XARMDll", "MSDTC\XARMDll\XARMDll.vcxproj", "{1686BC80-3BB7-4B32-9BD2-FCEA268BB98C}"
EndProject
Project("{8BC9CEB8-8B4A-11D0-8D11-00A0C91BC942}") = "Test-DTC-E2E", "MSDTC\DTC-E2E\ConsoleApplication1.vcxproj", "{03A50DBE-6E46-41F9-B7D0-CC5CC722A80F}"
EndProject
Project("{8BC9CEB8-8B4A-11D0-8D11-00A0C91BC942}") = "DoTx", "MSDTC\DoTx\DoTx.vcxproj", "{E11B5F75-A405-472A-9CAA-0C0E3E27447A}"
EndProject
Project("{FAE04EC0-301F-11D3-BF4B-00C04F79EFBC}") = "HowToRunPowerShell", "TestAPI\HowToRunPowerShell\HowToRunPowerShell.csproj", "{23EFEEB7-FE12-4DC1-9CEB-C49CE0857571}"
EndProject
Project("{FAE04EC0-301F-11D3-BF4B-00C04F79EFBC}") = "TestPowershell", "TestPowershell\TestPowershell.csproj", "{5DC96EE1-57E8-46BD-855D-B6BCE31B2713}"
EndProject
Project("{FAE04EC0-301F-11D3-BF4B-00C04F79EFBC}") = "WebSocketClientTool", "WebSocket\WebSocketClientTool\WebSocketClientTool.csproj", "{C46409E4-E2D4-4ABD-A55C-0C7D733B7233}"
EndProject
Project("{FAE04EC0-301F-11D3-BF4B-00C04F79EFBC}") = "WebSocketServer", "WebSocket\WebSocketServer\WebSocketServer.csproj", "{2185BDD4-8F93-4D43-853C-3802A299089B}"
EndProject
Project("{8BC9CEB8-8B4A-11D0-8D11-00A0C91BC942}") = "temp", "TestAPI\temp\temp.vcxproj", "{4A8AC637-CDBA-4CF7-80C7-25DC37BA6CEB}"
EndProject
Project("{FAE04EC0-301F-11D3-BF4B-00C04F79EFBC}") = "TestManagedModule", "IIS\IISTestModule_Managed\TestManagedModule\TestManagedModule.csproj", "{E04BF713-4E32-47CF-B4DF-963FCF97D4ED}"
EndProject
Project("{FAE04EC0-301F-11D3-BF4B-00C04F79EFBC}") = "EmptyAspNet", "TestAPI\EmptyAspNet\EmptyAspNet.csproj", "{F9994DC2-210D-4159-96E7-6165143CD2F6}"
EndProject
Project("{9A19103F-16F7-4668-BE54-9A1E7A4F7556}") = "Test", "CoreCLR\Test\Test.csproj", "{1373AAED-BA2A-40F2-A690-CD1F0A91E10F}"
EndProject
Project("{9A19103F-16F7-4668-BE54-9A1E7A4F7556}") = "aspnetcoremodule.testsites.standard", "CoreCLR\AspNetCoreModule.TestSites.Standard\aspnetcoremodule.testsites.standard.csproj", "{49D26EC7-132F-4406-99ED-8FD11C622D7D}"
EndProject
Project("{FAE04EC0-301F-11D3-BF4B-00C04F79EFBC}") = "microsoft.iis.powershell.commands", "IISAdministration_PowershellGallery\admin\powershell2\microsoft.iis.powershell.commands.csproj", "{7C8D9E02-CA37-473C-AFC9-D23408D473EF}"
EndProject
Global
	GlobalSection(SolutionConfigurationPlatforms) = preSolution
		Debug|Any CPU = Debug|Any CPU
		Debug|x64 = Debug|x64
		Debug|x86 = Debug|x86
		Release|Any CPU = Release|Any CPU
		Release|x64 = Release|x64
		Release|x86 = Release|x86
	EndGlobalSection
	GlobalSection(ProjectConfigurationPlatforms) = postSolution
		{3E9DEE45-FB2B-410A-8A5F-3A616C090534}.Debug|Any CPU.ActiveCfg = Debug|Win32
		{3E9DEE45-FB2B-410A-8A5F-3A616C090534}.Debug|x64.ActiveCfg = Debug|x64
		{3E9DEE45-FB2B-410A-8A5F-3A616C090534}.Debug|x64.Build.0 = Debug|x64
		{3E9DEE45-FB2B-410A-8A5F-3A616C090534}.Debug|x86.ActiveCfg = Debug|Win32
		{3E9DEE45-FB2B-410A-8A5F-3A616C090534}.Debug|x86.Build.0 = Debug|Win32
		{3E9DEE45-FB2B-410A-8A5F-3A616C090534}.Release|Any CPU.ActiveCfg = Release|Win32
		{3E9DEE45-FB2B-410A-8A5F-3A616C090534}.Release|x64.ActiveCfg = Release|x64
		{3E9DEE45-FB2B-410A-8A5F-3A616C090534}.Release|x64.Build.0 = Release|x64
		{3E9DEE45-FB2B-410A-8A5F-3A616C090534}.Release|x86.ActiveCfg = Release|Win32
		{3E9DEE45-FB2B-410A-8A5F-3A616C090534}.Release|x86.Build.0 = Release|Win32
		{0B1FEFC4-AE90-4085-BA9C-969B3D7FA323}.Debug|Any CPU.ActiveCfg = Debug|Win32
		{0B1FEFC4-AE90-4085-BA9C-969B3D7FA323}.Debug|x64.ActiveCfg = Debug|x64
		{0B1FEFC4-AE90-4085-BA9C-969B3D7FA323}.Debug|x64.Build.0 = Debug|x64
		{0B1FEFC4-AE90-4085-BA9C-969B3D7FA323}.Debug|x86.ActiveCfg = Debug|Win32
		{0B1FEFC4-AE90-4085-BA9C-969B3D7FA323}.Debug|x86.Build.0 = Debug|Win32
		{0B1FEFC4-AE90-4085-BA9C-969B3D7FA323}.Release|Any CPU.ActiveCfg = Release|Win32
		{0B1FEFC4-AE90-4085-BA9C-969B3D7FA323}.Release|x64.ActiveCfg = Release|x64
		{0B1FEFC4-AE90-4085-BA9C-969B3D7FA323}.Release|x64.Build.0 = Release|x64
		{0B1FEFC4-AE90-4085-BA9C-969B3D7FA323}.Release|x86.ActiveCfg = Release|Win32
		{0B1FEFC4-AE90-4085-BA9C-969B3D7FA323}.Release|x86.Build.0 = Release|Win32
		{235419EB-A184-481C-BB69-24FB6E13AB5A}.Debug|Any CPU.ActiveCfg = Debug|Win32
		{235419EB-A184-481C-BB69-24FB6E13AB5A}.Debug|x64.ActiveCfg = Debug|x64
		{235419EB-A184-481C-BB69-24FB6E13AB5A}.Debug|x64.Build.0 = Debug|x64
		{235419EB-A184-481C-BB69-24FB6E13AB5A}.Debug|x86.ActiveCfg = Debug|Win32
		{235419EB-A184-481C-BB69-24FB6E13AB5A}.Debug|x86.Build.0 = Debug|Win32
		{235419EB-A184-481C-BB69-24FB6E13AB5A}.Release|Any CPU.ActiveCfg = Release|Win32
		{235419EB-A184-481C-BB69-24FB6E13AB5A}.Release|x64.ActiveCfg = Release|x64
		{235419EB-A184-481C-BB69-24FB6E13AB5A}.Release|x64.Build.0 = Release|x64
		{235419EB-A184-481C-BB69-24FB6E13AB5A}.Release|x86.ActiveCfg = Release|Win32
		{235419EB-A184-481C-BB69-24FB6E13AB5A}.Release|x86.Build.0 = Release|Win32
		{ABB9075D-E984-478E-91E1-377A8E72D1BC}.Debug|Any CPU.ActiveCfg = Debug|Any CPU
		{ABB9075D-E984-478E-91E1-377A8E72D1BC}.Debug|Any CPU.Build.0 = Debug|Any CPU
		{ABB9075D-E984-478E-91E1-377A8E72D1BC}.Debug|x64.ActiveCfg = Debug|Any CPU
		{ABB9075D-E984-478E-91E1-377A8E72D1BC}.Debug|x64.Build.0 = Debug|Any CPU
		{ABB9075D-E984-478E-91E1-377A8E72D1BC}.Debug|x86.ActiveCfg = Debug|Any CPU
		{ABB9075D-E984-478E-91E1-377A8E72D1BC}.Debug|x86.Build.0 = Debug|Any CPU
		{ABB9075D-E984-478E-91E1-377A8E72D1BC}.Release|Any CPU.ActiveCfg = Release|Any CPU
		{ABB9075D-E984-478E-91E1-377A8E72D1BC}.Release|Any CPU.Build.0 = Release|Any CPU
		{ABB9075D-E984-478E-91E1-377A8E72D1BC}.Release|x64.ActiveCfg = Release|Any CPU
		{ABB9075D-E984-478E-91E1-377A8E72D1BC}.Release|x64.Build.0 = Release|Any CPU
		{ABB9075D-E984-478E-91E1-377A8E72D1BC}.Release|x86.ActiveCfg = Release|Any CPU
		{ABB9075D-E984-478E-91E1-377A8E72D1BC}.Release|x86.Build.0 = Release|Any CPU
		{5C52314F-C799-453F-A8C1-F706FF3F336D}.Debug|Any CPU.ActiveCfg = Debug|Win32
		{5C52314F-C799-453F-A8C1-F706FF3F336D}.Debug|x64.ActiveCfg = Debug|x64
		{5C52314F-C799-453F-A8C1-F706FF3F336D}.Debug|x64.Build.0 = Debug|x64
		{5C52314F-C799-453F-A8C1-F706FF3F336D}.Debug|x86.ActiveCfg = Debug|Win32
		{5C52314F-C799-453F-A8C1-F706FF3F336D}.Debug|x86.Build.0 = Debug|Win32
		{5C52314F-C799-453F-A8C1-F706FF3F336D}.Release|Any CPU.ActiveCfg = Release|Win32
		{5C52314F-C799-453F-A8C1-F706FF3F336D}.Release|x64.ActiveCfg = Release|x64
		{5C52314F-C799-453F-A8C1-F706FF3F336D}.Release|x64.Build.0 = Release|x64
		{5C52314F-C799-453F-A8C1-F706FF3F336D}.Release|x86.ActiveCfg = Release|Win32
		{5C52314F-C799-453F-A8C1-F706FF3F336D}.Release|x86.Build.0 = Release|Win32
		{4787A64F-9A3E-4867-A55A-70CB4B2B2FFE}.Debug|Any CPU.ActiveCfg = Debug|Win32
		{4787A64F-9A3E-4867-A55A-70CB4B2B2FFE}.Debug|x64.ActiveCfg = Debug|x64
		{4787A64F-9A3E-4867-A55A-70CB4B2B2FFE}.Debug|x64.Build.0 = Debug|x64
		{4787A64F-9A3E-4867-A55A-70CB4B2B2FFE}.Debug|x86.ActiveCfg = Debug|Win32
		{4787A64F-9A3E-4867-A55A-70CB4B2B2FFE}.Debug|x86.Build.0 = Debug|Win32
		{4787A64F-9A3E-4867-A55A-70CB4B2B2FFE}.Release|Any CPU.ActiveCfg = Release|Win32
		{4787A64F-9A3E-4867-A55A-70CB4B2B2FFE}.Release|x64.ActiveCfg = Release|x64
		{4787A64F-9A3E-4867-A55A-70CB4B2B2FFE}.Release|x64.Build.0 = Release|x64
		{4787A64F-9A3E-4867-A55A-70CB4B2B2FFE}.Release|x86.ActiveCfg = Release|Win32
		{4787A64F-9A3E-4867-A55A-70CB4B2B2FFE}.Release|x86.Build.0 = Release|Win32
		{BC06E8EE-CC97-41C7-A1A2-21C826289808}.Debug|Any CPU.ActiveCfg = Debug|Any CPU
		{BC06E8EE-CC97-41C7-A1A2-21C826289808}.Debug|Any CPU.Build.0 = Debug|Any CPU
		{BC06E8EE-CC97-41C7-A1A2-21C826289808}.Debug|x64.ActiveCfg = Debug|Any CPU
		{BC06E8EE-CC97-41C7-A1A2-21C826289808}.Debug|x64.Build.0 = Debug|Any CPU
		{BC06E8EE-CC97-41C7-A1A2-21C826289808}.Debug|x86.ActiveCfg = Debug|Any CPU
		{BC06E8EE-CC97-41C7-A1A2-21C826289808}.Debug|x86.Build.0 = Debug|Any CPU
		{BC06E8EE-CC97-41C7-A1A2-21C826289808}.Release|Any CPU.ActiveCfg = Release|Any CPU
		{BC06E8EE-CC97-41C7-A1A2-21C826289808}.Release|Any CPU.Build.0 = Release|Any CPU
		{BC06E8EE-CC97-41C7-A1A2-21C826289808}.Release|x64.ActiveCfg = Release|Any CPU
		{BC06E8EE-CC97-41C7-A1A2-21C826289808}.Release|x64.Build.0 = Release|Any CPU
		{BC06E8EE-CC97-41C7-A1A2-21C826289808}.Release|x86.ActiveCfg = Release|Any CPU
		{BC06E8EE-CC97-41C7-A1A2-21C826289808}.Release|x86.Build.0 = Release|Any CPU
		{9755F612-A155-4BDD-9E20-37ADE0B4B3BA}.Debug|Any CPU.ActiveCfg = Debug|Any CPU
		{9755F612-A155-4BDD-9E20-37ADE0B4B3BA}.Debug|Any CPU.Build.0 = Debug|Any CPU
		{9755F612-A155-4BDD-9E20-37ADE0B4B3BA}.Debug|x64.ActiveCfg = Debug|Any CPU
		{9755F612-A155-4BDD-9E20-37ADE0B4B3BA}.Debug|x64.Build.0 = Debug|Any CPU
		{9755F612-A155-4BDD-9E20-37ADE0B4B3BA}.Debug|x86.ActiveCfg = Debug|Any CPU
		{9755F612-A155-4BDD-9E20-37ADE0B4B3BA}.Debug|x86.Build.0 = Debug|Any CPU
		{9755F612-A155-4BDD-9E20-37ADE0B4B3BA}.Release|Any CPU.ActiveCfg = Release|Any CPU
		{9755F612-A155-4BDD-9E20-37ADE0B4B3BA}.Release|Any CPU.Build.0 = Release|Any CPU
		{9755F612-A155-4BDD-9E20-37ADE0B4B3BA}.Release|x64.ActiveCfg = Release|Any CPU
		{9755F612-A155-4BDD-9E20-37ADE0B4B3BA}.Release|x64.Build.0 = Release|Any CPU
		{9755F612-A155-4BDD-9E20-37ADE0B4B3BA}.Release|x86.ActiveCfg = Release|Any CPU
		{9755F612-A155-4BDD-9E20-37ADE0B4B3BA}.Release|x86.Build.0 = Release|Any CPU
		{6F97D156-5C1C-43AF-9306-62B49FB18795}.Debug|Any CPU.ActiveCfg = Debug|Win32
		{6F97D156-5C1C-43AF-9306-62B49FB18795}.Debug|x64.ActiveCfg = Debug|x64
		{6F97D156-5C1C-43AF-9306-62B49FB18795}.Debug|x64.Build.0 = Debug|x64
		{6F97D156-5C1C-43AF-9306-62B49FB18795}.Debug|x86.ActiveCfg = Debug|Win32
		{6F97D156-5C1C-43AF-9306-62B49FB18795}.Debug|x86.Build.0 = Debug|Win32
		{6F97D156-5C1C-43AF-9306-62B49FB18795}.Release|Any CPU.ActiveCfg = Release|Win32
		{6F97D156-5C1C-43AF-9306-62B49FB18795}.Release|x64.ActiveCfg = Release|x64
		{6F97D156-5C1C-43AF-9306-62B49FB18795}.Release|x64.Build.0 = Release|x64
		{6F97D156-5C1C-43AF-9306-62B49FB18795}.Release|x86.ActiveCfg = Release|Win32
		{6F97D156-5C1C-43AF-9306-62B49FB18795}.Release|x86.Build.0 = Release|Win32
		{F85DA9D4-D7B4-4B82-B50D-D590713165EC}.Debug|Any CPU.ActiveCfg = Debug|Any CPU
		{F85DA9D4-D7B4-4B82-B50D-D590713165EC}.Debug|Any CPU.Build.0 = Debug|Any CPU
		{F85DA9D4-D7B4-4B82-B50D-D590713165EC}.Debug|x64.ActiveCfg = Debug|Any CPU
		{F85DA9D4-D7B4-4B82-B50D-D590713165EC}.Debug|x64.Build.0 = Debug|Any CPU
		{F85DA9D4-D7B4-4B82-B50D-D590713165EC}.Debug|x86.ActiveCfg = Debug|Any CPU
		{F85DA9D4-D7B4-4B82-B50D-D590713165EC}.Debug|x86.Build.0 = Debug|Any CPU
		{F85DA9D4-D7B4-4B82-B50D-D590713165EC}.Release|Any CPU.ActiveCfg = Release|Any CPU
		{F85DA9D4-D7B4-4B82-B50D-D590713165EC}.Release|Any CPU.Build.0 = Release|Any CPU
		{F85DA9D4-D7B4-4B82-B50D-D590713165EC}.Release|x64.ActiveCfg = Release|Any CPU
		{F85DA9D4-D7B4-4B82-B50D-D590713165EC}.Release|x64.Build.0 = Release|Any CPU
		{F85DA9D4-D7B4-4B82-B50D-D590713165EC}.Release|x86.ActiveCfg = Release|Any CPU
		{F85DA9D4-D7B4-4B82-B50D-D590713165EC}.Release|x86.Build.0 = Release|Any CPU
		{ADDC2D4C-6155-413A-BE7D-46814E68733D}.Debug|Any CPU.ActiveCfg = Debug|Any CPU
		{ADDC2D4C-6155-413A-BE7D-46814E68733D}.Debug|Any CPU.Build.0 = Debug|Any CPU
		{ADDC2D4C-6155-413A-BE7D-46814E68733D}.Debug|x64.ActiveCfg = Debug|Any CPU
		{ADDC2D4C-6155-413A-BE7D-46814E68733D}.Debug|x64.Build.0 = Debug|Any CPU
		{ADDC2D4C-6155-413A-BE7D-46814E68733D}.Debug|x86.ActiveCfg = Debug|Any CPU
		{ADDC2D4C-6155-413A-BE7D-46814E68733D}.Debug|x86.Build.0 = Debug|Any CPU
		{ADDC2D4C-6155-413A-BE7D-46814E68733D}.Release|Any CPU.ActiveCfg = Release|Any CPU
		{ADDC2D4C-6155-413A-BE7D-46814E68733D}.Release|Any CPU.Build.0 = Release|Any CPU
		{ADDC2D4C-6155-413A-BE7D-46814E68733D}.Release|x64.ActiveCfg = Release|Any CPU
		{ADDC2D4C-6155-413A-BE7D-46814E68733D}.Release|x64.Build.0 = Release|Any CPU
		{ADDC2D4C-6155-413A-BE7D-46814E68733D}.Release|x86.ActiveCfg = Release|Any CPU
		{ADDC2D4C-6155-413A-BE7D-46814E68733D}.Release|x86.Build.0 = Release|Any CPU
		{1686BC80-3BB7-4B32-9BD2-FCEA268BB98C}.Debug|Any CPU.ActiveCfg = Debug|Win32
		{1686BC80-3BB7-4B32-9BD2-FCEA268BB98C}.Debug|x64.ActiveCfg = Debug|x64
		{1686BC80-3BB7-4B32-9BD2-FCEA268BB98C}.Debug|x64.Build.0 = Debug|x64
		{1686BC80-3BB7-4B32-9BD2-FCEA268BB98C}.Debug|x86.ActiveCfg = Debug|Win32
		{1686BC80-3BB7-4B32-9BD2-FCEA268BB98C}.Debug|x86.Build.0 = Debug|Win32
		{1686BC80-3BB7-4B32-9BD2-FCEA268BB98C}.Release|Any CPU.ActiveCfg = Release|Win32
		{1686BC80-3BB7-4B32-9BD2-FCEA268BB98C}.Release|x64.ActiveCfg = Release|x64
		{1686BC80-3BB7-4B32-9BD2-FCEA268BB98C}.Release|x64.Build.0 = Release|x64
		{1686BC80-3BB7-4B32-9BD2-FCEA268BB98C}.Release|x86.ActiveCfg = Release|Win32
		{1686BC80-3BB7-4B32-9BD2-FCEA268BB98C}.Release|x86.Build.0 = Release|Win32
		{03A50DBE-6E46-41F9-B7D0-CC5CC722A80F}.Debug|Any CPU.ActiveCfg = Debug|Win32
		{03A50DBE-6E46-41F9-B7D0-CC5CC722A80F}.Debug|x64.ActiveCfg = Debug|x64
		{03A50DBE-6E46-41F9-B7D0-CC5CC722A80F}.Debug|x64.Build.0 = Debug|x64
		{03A50DBE-6E46-41F9-B7D0-CC5CC722A80F}.Debug|x86.ActiveCfg = Debug|Win32
		{03A50DBE-6E46-41F9-B7D0-CC5CC722A80F}.Debug|x86.Build.0 = Debug|Win32
		{03A50DBE-6E46-41F9-B7D0-CC5CC722A80F}.Release|Any CPU.ActiveCfg = Release|Win32
		{03A50DBE-6E46-41F9-B7D0-CC5CC722A80F}.Release|x64.ActiveCfg = Release|x64
		{03A50DBE-6E46-41F9-B7D0-CC5CC722A80F}.Release|x64.Build.0 = Release|x64
		{03A50DBE-6E46-41F9-B7D0-CC5CC722A80F}.Release|x86.ActiveCfg = Release|Win32
		{03A50DBE-6E46-41F9-B7D0-CC5CC722A80F}.Release|x86.Build.0 = Release|Win32
		{E11B5F75-A405-472A-9CAA-0C0E3E27447A}.Debug|Any CPU.ActiveCfg = Debug|Win32
		{E11B5F75-A405-472A-9CAA-0C0E3E27447A}.Debug|x64.ActiveCfg = Debug|Win32
		{E11B5F75-A405-472A-9CAA-0C0E3E27447A}.Debug|x86.ActiveCfg = Debug|Win32
		{E11B5F75-A405-472A-9CAA-0C0E3E27447A}.Debug|x86.Build.0 = Debug|Win32
		{E11B5F75-A405-472A-9CAA-0C0E3E27447A}.Release|Any CPU.ActiveCfg = Release|Win32
		{E11B5F75-A405-472A-9CAA-0C0E3E27447A}.Release|x64.ActiveCfg = Release|Win32
		{E11B5F75-A405-472A-9CAA-0C0E3E27447A}.Release|x86.ActiveCfg = Release|Win32
		{E11B5F75-A405-472A-9CAA-0C0E3E27447A}.Release|x86.Build.0 = Release|Win32
		{23EFEEB7-FE12-4DC1-9CEB-C49CE0857571}.Debug|Any CPU.ActiveCfg = Debug|Any CPU
		{23EFEEB7-FE12-4DC1-9CEB-C49CE0857571}.Debug|Any CPU.Build.0 = Debug|Any CPU
		{23EFEEB7-FE12-4DC1-9CEB-C49CE0857571}.Debug|x64.ActiveCfg = Debug|Any CPU
		{23EFEEB7-FE12-4DC1-9CEB-C49CE0857571}.Debug|x64.Build.0 = Debug|Any CPU
		{23EFEEB7-FE12-4DC1-9CEB-C49CE0857571}.Debug|x86.ActiveCfg = Debug|Any CPU
		{23EFEEB7-FE12-4DC1-9CEB-C49CE0857571}.Debug|x86.Build.0 = Debug|Any CPU
		{23EFEEB7-FE12-4DC1-9CEB-C49CE0857571}.Release|Any CPU.ActiveCfg = Release|Any CPU
		{23EFEEB7-FE12-4DC1-9CEB-C49CE0857571}.Release|Any CPU.Build.0 = Release|Any CPU
		{23EFEEB7-FE12-4DC1-9CEB-C49CE0857571}.Release|x64.ActiveCfg = Release|Any CPU
		{23EFEEB7-FE12-4DC1-9CEB-C49CE0857571}.Release|x64.Build.0 = Release|Any CPU
		{23EFEEB7-FE12-4DC1-9CEB-C49CE0857571}.Release|x86.ActiveCfg = Release|Any CPU
		{23EFEEB7-FE12-4DC1-9CEB-C49CE0857571}.Release|x86.Build.0 = Release|Any CPU
		{5DC96EE1-57E8-46BD-855D-B6BCE31B2713}.Debug|Any CPU.ActiveCfg = Debug|Any CPU
		{5DC96EE1-57E8-46BD-855D-B6BCE31B2713}.Debug|Any CPU.Build.0 = Debug|Any CPU
		{5DC96EE1-57E8-46BD-855D-B6BCE31B2713}.Debug|x64.ActiveCfg = Debug|Any CPU
		{5DC96EE1-57E8-46BD-855D-B6BCE31B2713}.Debug|x64.Build.0 = Debug|Any CPU
		{5DC96EE1-57E8-46BD-855D-B6BCE31B2713}.Debug|x86.ActiveCfg = Debug|Any CPU
		{5DC96EE1-57E8-46BD-855D-B6BCE31B2713}.Debug|x86.Build.0 = Debug|Any CPU
		{5DC96EE1-57E8-46BD-855D-B6BCE31B2713}.Release|Any CPU.ActiveCfg = Release|Any CPU
		{5DC96EE1-57E8-46BD-855D-B6BCE31B2713}.Release|Any CPU.Build.0 = Release|Any CPU
		{5DC96EE1-57E8-46BD-855D-B6BCE31B2713}.Release|x64.ActiveCfg = Release|Any CPU
		{5DC96EE1-57E8-46BD-855D-B6BCE31B2713}.Release|x64.Build.0 = Release|Any CPU
		{5DC96EE1-57E8-46BD-855D-B6BCE31B2713}.Release|x86.ActiveCfg = Release|Any CPU
		{5DC96EE1-57E8-46BD-855D-B6BCE31B2713}.Release|x86.Build.0 = Release|Any CPU
		{C46409E4-E2D4-4ABD-A55C-0C7D733B7233}.Debug|Any CPU.ActiveCfg = Debug|Any CPU
		{C46409E4-E2D4-4ABD-A55C-0C7D733B7233}.Debug|Any CPU.Build.0 = Debug|Any CPU
		{C46409E4-E2D4-4ABD-A55C-0C7D733B7233}.Debug|x64.ActiveCfg = Debug|Any CPU
		{C46409E4-E2D4-4ABD-A55C-0C7D733B7233}.Debug|x64.Build.0 = Debug|Any CPU
		{C46409E4-E2D4-4ABD-A55C-0C7D733B7233}.Debug|x86.ActiveCfg = Debug|Any CPU
		{C46409E4-E2D4-4ABD-A55C-0C7D733B7233}.Debug|x86.Build.0 = Debug|Any CPU
		{C46409E4-E2D4-4ABD-A55C-0C7D733B7233}.Release|Any CPU.ActiveCfg = Release|Any CPU
		{C46409E4-E2D4-4ABD-A55C-0C7D733B7233}.Release|Any CPU.Build.0 = Release|Any CPU
		{C46409E4-E2D4-4ABD-A55C-0C7D733B7233}.Release|x64.ActiveCfg = Release|Any CPU
		{C46409E4-E2D4-4ABD-A55C-0C7D733B7233}.Release|x64.Build.0 = Release|Any CPU
		{C46409E4-E2D4-4ABD-A55C-0C7D733B7233}.Release|x86.ActiveCfg = Release|Any CPU
		{C46409E4-E2D4-4ABD-A55C-0C7D733B7233}.Release|x86.Build.0 = Release|Any CPU
		{2185BDD4-8F93-4D43-853C-3802A299089B}.Debug|Any CPU.ActiveCfg = Debug|Any CPU
		{2185BDD4-8F93-4D43-853C-3802A299089B}.Debug|Any CPU.Build.0 = Debug|Any CPU
		{2185BDD4-8F93-4D43-853C-3802A299089B}.Debug|x64.ActiveCfg = Debug|Any CPU
		{2185BDD4-8F93-4D43-853C-3802A299089B}.Debug|x64.Build.0 = Debug|Any CPU
		{2185BDD4-8F93-4D43-853C-3802A299089B}.Debug|x86.ActiveCfg = Debug|Any CPU
		{2185BDD4-8F93-4D43-853C-3802A299089B}.Debug|x86.Build.0 = Debug|Any CPU
		{2185BDD4-8F93-4D43-853C-3802A299089B}.Release|Any CPU.ActiveCfg = Release|Any CPU
		{2185BDD4-8F93-4D43-853C-3802A299089B}.Release|Any CPU.Build.0 = Release|Any CPU
		{2185BDD4-8F93-4D43-853C-3802A299089B}.Release|x64.ActiveCfg = Release|Any CPU
		{2185BDD4-8F93-4D43-853C-3802A299089B}.Release|x64.Build.0 = Release|Any CPU
		{2185BDD4-8F93-4D43-853C-3802A299089B}.Release|x86.ActiveCfg = Release|Any CPU
		{2185BDD4-8F93-4D43-853C-3802A299089B}.Release|x86.Build.0 = Release|Any CPU
		{4A8AC637-CDBA-4CF7-80C7-25DC37BA6CEB}.Debug|Any CPU.ActiveCfg = Debug|Win32
		{4A8AC637-CDBA-4CF7-80C7-25DC37BA6CEB}.Debug|x64.ActiveCfg = Debug|x64
		{4A8AC637-CDBA-4CF7-80C7-25DC37BA6CEB}.Debug|x64.Build.0 = Debug|x64
		{4A8AC637-CDBA-4CF7-80C7-25DC37BA6CEB}.Debug|x86.ActiveCfg = Debug|Win32
		{4A8AC637-CDBA-4CF7-80C7-25DC37BA6CEB}.Debug|x86.Build.0 = Debug|Win32
		{4A8AC637-CDBA-4CF7-80C7-25DC37BA6CEB}.Release|Any CPU.ActiveCfg = Release|Win32
		{4A8AC637-CDBA-4CF7-80C7-25DC37BA6CEB}.Release|x64.ActiveCfg = Release|x64
		{4A8AC637-CDBA-4CF7-80C7-25DC37BA6CEB}.Release|x64.Build.0 = Release|x64
		{4A8AC637-CDBA-4CF7-80C7-25DC37BA6CEB}.Release|x86.ActiveCfg = Release|Win32
		{4A8AC637-CDBA-4CF7-80C7-25DC37BA6CEB}.Release|x86.Build.0 = Release|Win32
		{E04BF713-4E32-47CF-B4DF-963FCF97D4ED}.Debug|Any CPU.ActiveCfg = Debug|Any CPU
		{E04BF713-4E32-47CF-B4DF-963FCF97D4ED}.Debug|Any CPU.Build.0 = Debug|Any CPU
		{E04BF713-4E32-47CF-B4DF-963FCF97D4ED}.Debug|x64.ActiveCfg = Debug|Any CPU
		{E04BF713-4E32-47CF-B4DF-963FCF97D4ED}.Debug|x64.Build.0 = Debug|Any CPU
		{E04BF713-4E32-47CF-B4DF-963FCF97D4ED}.Debug|x86.ActiveCfg = Debug|Any CPU
		{E04BF713-4E32-47CF-B4DF-963FCF97D4ED}.Debug|x86.Build.0 = Debug|Any CPU
		{E04BF713-4E32-47CF-B4DF-963FCF97D4ED}.Release|Any CPU.ActiveCfg = Release|Any CPU
		{E04BF713-4E32-47CF-B4DF-963FCF97D4ED}.Release|Any CPU.Build.0 = Release|Any CPU
		{E04BF713-4E32-47CF-B4DF-963FCF97D4ED}.Release|x64.ActiveCfg = Release|Any CPU
		{E04BF713-4E32-47CF-B4DF-963FCF97D4ED}.Release|x64.Build.0 = Release|Any CPU
		{E04BF713-4E32-47CF-B4DF-963FCF97D4ED}.Release|x86.ActiveCfg = Release|Any CPU
		{E04BF713-4E32-47CF-B4DF-963FCF97D4ED}.Release|x86.Build.0 = Release|Any CPU
		{F9994DC2-210D-4159-96E7-6165143CD2F6}.Debug|Any CPU.ActiveCfg = Debug|Any CPU
		{F9994DC2-210D-4159-96E7-6165143CD2F6}.Debug|Any CPU.Build.0 = Debug|Any CPU
		{F9994DC2-210D-4159-96E7-6165143CD2F6}.Debug|x64.ActiveCfg = Debug|Any CPU
		{F9994DC2-210D-4159-96E7-6165143CD2F6}.Debug|x64.Build.0 = Debug|Any CPU
		{F9994DC2-210D-4159-96E7-6165143CD2F6}.Debug|x86.ActiveCfg = Debug|Any CPU
		{F9994DC2-210D-4159-96E7-6165143CD2F6}.Debug|x86.Build.0 = Debug|Any CPU
		{F9994DC2-210D-4159-96E7-6165143CD2F6}.Release|Any CPU.ActiveCfg = Release|Any CPU
		{F9994DC2-210D-4159-96E7-6165143CD2F6}.Release|Any CPU.Build.0 = Release|Any CPU
		{F9994DC2-210D-4159-96E7-6165143CD2F6}.Release|x64.ActiveCfg = Release|Any CPU
		{F9994DC2-210D-4159-96E7-6165143CD2F6}.Release|x64.Build.0 = Release|Any CPU
		{F9994DC2-210D-4159-96E7-6165143CD2F6}.Release|x86.ActiveCfg = Release|Any CPU
		{F9994DC2-210D-4159-96E7-6165143CD2F6}.Release|x86.Build.0 = Release|Any CPU
		{1373AAED-BA2A-40F2-A690-CD1F0A91E10F}.Debug|Any CPU.ActiveCfg = Debug|Any CPU
		{1373AAED-BA2A-40F2-A690-CD1F0A91E10F}.Debug|Any CPU.Build.0 = Debug|Any CPU
		{1373AAED-BA2A-40F2-A690-CD1F0A91E10F}.Debug|x64.ActiveCfg = Debug|Any CPU
		{1373AAED-BA2A-40F2-A690-CD1F0A91E10F}.Debug|x64.Build.0 = Debug|Any CPU
		{1373AAED-BA2A-40F2-A690-CD1F0A91E10F}.Debug|x86.ActiveCfg = Debug|Any CPU
		{1373AAED-BA2A-40F2-A690-CD1F0A91E10F}.Debug|x86.Build.0 = Debug|Any CPU
		{1373AAED-BA2A-40F2-A690-CD1F0A91E10F}.Release|Any CPU.ActiveCfg = Release|Any CPU
		{1373AAED-BA2A-40F2-A690-CD1F0A91E10F}.Release|Any CPU.Build.0 = Release|Any CPU
		{1373AAED-BA2A-40F2-A690-CD1F0A91E10F}.Release|x64.ActiveCfg = Release|Any CPU
		{1373AAED-BA2A-40F2-A690-CD1F0A91E10F}.Release|x64.Build.0 = Release|Any CPU
		{1373AAED-BA2A-40F2-A690-CD1F0A91E10F}.Release|x86.ActiveCfg = Release|Any CPU
		{1373AAED-BA2A-40F2-A690-CD1F0A91E10F}.Release|x86.Build.0 = Release|Any CPU
		{49D26EC7-132F-4406-99ED-8FD11C622D7D}.Debug|Any CPU.ActiveCfg = Debug|Any CPU
		{49D26EC7-132F-4406-99ED-8FD11C622D7D}.Debug|Any CPU.Build.0 = Debug|Any CPU
		{49D26EC7-132F-4406-99ED-8FD11C622D7D}.Debug|x64.ActiveCfg = Debug|Any CPU
		{49D26EC7-132F-4406-99ED-8FD11C622D7D}.Debug|x64.Build.0 = Debug|Any CPU
		{49D26EC7-132F-4406-99ED-8FD11C622D7D}.Debug|x86.ActiveCfg = Debug|Any CPU
		{49D26EC7-132F-4406-99ED-8FD11C622D7D}.Debug|x86.Build.0 = Debug|Any CPU
		{49D26EC7-132F-4406-99ED-8FD11C622D7D}.Release|Any CPU.ActiveCfg = Release|Any CPU
		{49D26EC7-132F-4406-99ED-8FD11C622D7D}.Release|Any CPU.Build.0 = Release|Any CPU
		{49D26EC7-132F-4406-99ED-8FD11C622D7D}.Release|x64.ActiveCfg = Release|Any CPU
		{49D26EC7-132F-4406-99ED-8FD11C622D7D}.Release|x64.Build.0 = Release|Any CPU
		{49D26EC7-132F-4406-99ED-8FD11C622D7D}.Release|x86.ActiveCfg = Release|Any CPU
		{49D26EC7-132F-4406-99ED-8FD11C622D7D}.Release|x86.Build.0 = Release|Any CPU
		{7C8D9E02-CA37-473C-AFC9-D23408D473EF}.Debug|Any CPU.ActiveCfg = Debug|Any CPU
		{7C8D9E02-CA37-473C-AFC9-D23408D473EF}.Debug|Any CPU.Build.0 = Debug|Any CPU
		{7C8D9E02-CA37-473C-AFC9-D23408D473EF}.Debug|x64.ActiveCfg = Debug|Any CPU
		{7C8D9E02-CA37-473C-AFC9-D23408D473EF}.Debug|x64.Build.0 = Debug|Any CPU
		{7C8D9E02-CA37-473C-AFC9-D23408D473EF}.Debug|x86.ActiveCfg = Debug|Any CPU
		{7C8D9E02-CA37-473C-AFC9-D23408D473EF}.Debug|x86.Build.0 = Debug|Any CPU
		{7C8D9E02-CA37-473C-AFC9-D23408D473EF}.Release|Any CPU.ActiveCfg = Release|Any CPU
		{7C8D9E02-CA37-473C-AFC9-D23408D473EF}.Release|Any CPU.Build.0 = Release|Any CPU
		{7C8D9E02-CA37-473C-AFC9-D23408D473EF}.Release|x64.ActiveCfg = Release|Any CPU
		{7C8D9E02-CA37-473C-AFC9-D23408D473EF}.Release|x64.Build.0 = Release|Any CPU
		{7C8D9E02-CA37-473C-AFC9-D23408D473EF}.Release|x86.ActiveCfg = Release|Any CPU
		{7C8D9E02-CA37-473C-AFC9-D23408D473EF}.Release|x86.Build.0 = Release|Any CPU
	EndGlobalSection
	GlobalSection(SolutionProperties) = preSolution
		HideSolutionNode = FALSE
	EndGlobalSection
	GlobalSection(NestedProjects) = preSolution
		{3E9DEE45-FB2B-410A-8A5F-3A616C090534} = {4E6CCBCD-0A1E-4203-B089-C0CC26523768}
		{0B1FEFC4-AE90-4085-BA9C-969B3D7FA323} = {4E6CCBCD-0A1E-4203-B089-C0CC26523768}
		{235419EB-A184-481C-BB69-24FB6E13AB5A} = {4E6CCBCD-0A1E-4203-B089-C0CC26523768}
		{5C52314F-C799-453F-A8C1-F706FF3F336D} = {1048FAAE-1320-4672-97E0-9DD7ADEF6103}
		{4787A64F-9A3E-4867-A55A-70CB4B2B2FFE} = {1048FAAE-1320-4672-97E0-9DD7ADEF6103}
		{BC06E8EE-CC97-41C7-A1A2-21C826289808} = {1048FAAE-1320-4672-97E0-9DD7ADEF6103}
		{9755F612-A155-4BDD-9E20-37ADE0B4B3BA} = {1048FAAE-1320-4672-97E0-9DD7ADEF6103}
		{6F97D156-5C1C-43AF-9306-62B49FB18795} = {AEAF83D7-C99E-4012-B09E-C63DC5EFE599}
		{F85DA9D4-D7B4-4B82-B50D-D590713165EC} = {AEAF83D7-C99E-4012-B09E-C63DC5EFE599}
		{ADDC2D4C-6155-413A-BE7D-46814E68733D} = {4E6CCBCD-0A1E-4203-B089-C0CC26523768}
		{1686BC80-3BB7-4B32-9BD2-FCEA268BB98C} = {5E152111-8C24-47B4-8535-EC5EA4D2DDC9}
		{03A50DBE-6E46-41F9-B7D0-CC5CC722A80F} = {5E152111-8C24-47B4-8535-EC5EA4D2DDC9}
		{E11B5F75-A405-472A-9CAA-0C0E3E27447A} = {5E152111-8C24-47B4-8535-EC5EA4D2DDC9}
		{23EFEEB7-FE12-4DC1-9CEB-C49CE0857571} = {4E6CCBCD-0A1E-4203-B089-C0CC26523768}
		{5DC96EE1-57E8-46BD-855D-B6BCE31B2713} = {4E6CCBCD-0A1E-4203-B089-C0CC26523768}
		{C46409E4-E2D4-4ABD-A55C-0C7D733B7233} = {63A27C14-B620-4840-B107-AD5BE35B1A01}
		{2185BDD4-8F93-4D43-853C-3802A299089B} = {63A27C14-B620-4840-B107-AD5BE35B1A01}
		{4A8AC637-CDBA-4CF7-80C7-25DC37BA6CEB} = {4E6CCBCD-0A1E-4203-B089-C0CC26523768}
		{E04BF713-4E32-47CF-B4DF-963FCF97D4ED} = {AEAF83D7-C99E-4012-B09E-C63DC5EFE599}
		{F9994DC2-210D-4159-96E7-6165143CD2F6} = {4E6CCBCD-0A1E-4203-B089-C0CC26523768}
		{1373AAED-BA2A-40F2-A690-CD1F0A91E10F} = {D12CE0AA-DC48-4D67-97BB-5FEF56624877}
		{49D26EC7-132F-4406-99ED-8FD11C622D7D} = {D12CE0AA-DC48-4D67-97BB-5FEF56624877}
	EndGlobalSection
	GlobalSection(ExtensibilityGlobals) = postSolution
		SolutionGuid = {3DA5FEC9-2ECA-4C20-BE6D-9B63F8C2ECDA}
	EndGlobalSection
EndGlobal
